
Microsoft Visual Studio Solution File, Format Version 11.00
# Visual Studio 2010
Project("{2150E333-8FDC-42A3-9474-1A3956D46DE8}") = "TestProject", "TestProject", "{C17B6DAA-9A60-4983-974A-E98C9F059D9E}"
EndProject
Project("{FAE04EC0-301F-11D3-BF4B-00C04F79EFBC}") = "TestWinForm", "TestWinForm\TestWinForm.csproj", "{51E2F4AC-21EE-49AB-BC1E-F6E4DF233323}"
EndProject
Project("{2150E333-8FDC-42A3-9474-1A3956D46DE8}") = "DBProject", "DBProject", "{6A47379A-40BB-49A6-93A2-34C484F6BA58}"
EndProject
Project("{2150E333-8FDC-42A3-9474-1A3956D46DE8}") = "ServerProject", "ServerProject", "{B035F7ED-E7B3-4FFE-BBA7-B060CFBC285E}"
EndProject
Project("{2150E333-8FDC-42A3-9474-1A3956D46DE8}") = "ClientProject", "ClientProject", "{987808B7-8595-4494-990A-B7E7955B613E}"
EndProject
Project("{2150E333-8FDC-42A3-9474-1A3956D46DE8}") = "CommProject", "CommProject", "{D1858315-1421-4FAD-9727-84A524E49C72}"
EndProject
Project("{FAE04EC0-301F-11D3-BF4B-00C04F79EFBC}") = "XMPPProtocol", "XMPPProtocol\XMPPProtocol.csproj", "{8EA0E227-0128-4408-9353-3B5E8EBB51E9}"
EndProject
Project("{FAE04EC0-301F-11D3-BF4B-00C04F79EFBC}") = "STalkServer", "STalkServer\STalkServer.csproj", "{D9FBD87E-F976-427F-8B18-B9C68BE8F8C1}"
EndProject
Project("{FAE04EC0-301F-11D3-BF4B-00C04F79EFBC}") = "TestWebKit", "TestWebKit\TestWebKit.csproj", "{298007F9-F551-4E05-B07F-CAF69623487E}"
EndProject
Project("{FAE04EC0-301F-11D3-BF4B-00C04F79EFBC}") = "STalk", "STalk\STalk.csproj", "{3064AC9D-0C0C-4C92-83F8-2AA52A03FD0D}"
EndProject
Project("{FAE04EC0-301F-11D3-BF4B-00C04F79EFBC}") = "DataFactory", "DataFactory\DataFactory.csproj", "{A9B0EA43-407F-4F07-B07A-F15D6749A03C}"
EndProject
Project("{FAE04EC0-301F-11D3-BF4B-00C04F79EFBC}") = "DataModule", "DataModule\DataModule.csproj", "{06CE10D7-B5D8-411F-91B9-B110DAC8D20B}"
EndProject
Project("{FAE04EC0-301F-11D3-BF4B-00C04F79EFBC}") = "MSSQLProvider", "MSSQLProvider\MSSQLProvider.csproj", "{7612F91D-45AC-489B-BDB7-F8D953E61E99}"
EndProject
Project("{FAE04EC0-301F-11D3-BF4B-00C04F79EFBC}") = "IDataProvider", "IDataProvider\IDataProvider.csproj", "{584E6F20-AE6B-4332-BA26-007BD1A87C1F}"
EndProject
Project("{FAE04EC0-301F-11D3-BF4B-00C04F79EFBC}") = "STalkServerConsole", "STalkServerConsole\STalkServerConsole.csproj", "{E5C1F81B-B451-41E3-9E4A-1D6C364CDF34}"
	ProjectSection(ProjectDependencies) = postProject
		{7612F91D-45AC-489B-BDB7-F8D953E61E99} = {7612F91D-45AC-489B-BDB7-F8D953E61E99}
		{584E6F20-AE6B-4332-BA26-007BD1A87C1F} = {584E6F20-AE6B-4332-BA26-007BD1A87C1F}
		{8EA0E227-0128-4408-9353-3B5E8EBB51E9} = {8EA0E227-0128-4408-9353-3B5E8EBB51E9}
		{A9B0EA43-407F-4F07-B07A-F15D6749A03C} = {A9B0EA43-407F-4F07-B07A-F15D6749A03C}
		{06CE10D7-B5D8-411F-91B9-B110DAC8D20B} = {06CE10D7-B5D8-411F-91B9-B110DAC8D20B}
	EndProjectSection
EndProject
Global
	GlobalSection(SolutionConfigurationPlatforms) = preSolution
		Debug|Any CPU = Debug|Any CPU
		Debug|Mixed Platforms = Debug|Mixed Platforms
		Debug|Win32 = Debug|Win32
		Debug|x86 = Debug|x86
		Release|Any CPU = Release|Any CPU
		Release|Mixed Platforms = Release|Mixed Platforms
		Release|Win32 = Release|Win32
		Release|x86 = Release|x86
	EndGlobalSection
	GlobalSection(ProjectConfigurationPlatforms) = postSolution
		{51E2F4AC-21EE-49AB-BC1E-F6E4DF233323}.Debug|Any CPU.ActiveCfg = Debug|x86
		{51E2F4AC-21EE-49AB-BC1E-F6E4DF233323}.Debug|Mixed Platforms.ActiveCfg = Debug|x86
		{51E2F4AC-21EE-49AB-BC1E-F6E4DF233323}.Debug|Mixed Platforms.Build.0 = Debug|x86
		{51E2F4AC-21EE-49AB-BC1E-F6E4DF233323}.Debug|Win32.ActiveCfg = Debug|x86
		{51E2F4AC-21EE-49AB-BC1E-F6E4DF233323}.Debug|x86.ActiveCfg = Debug|x86
		{51E2F4AC-21EE-49AB-BC1E-F6E4DF233323}.Debug|x86.Build.0 = Debug|x86
		{51E2F4AC-21EE-49AB-BC1E-F6E4DF233323}.Release|Any CPU.ActiveCfg = Release|x86
		{51E2F4AC-21EE-49AB-BC1E-F6E4DF233323}.Release|Mixed Platforms.ActiveCfg = Release|x86
		{51E2F4AC-21EE-49AB-BC1E-F6E4DF233323}.Release|Mixed Platforms.Build.0 = Release|x86
		{51E2F4AC-21EE-49AB-BC1E-F6E4DF233323}.Release|Win32.ActiveCfg = Release|x86
		{51E2F4AC-21EE-49AB-BC1E-F6E4DF233323}.Release|x86.ActiveCfg = Release|x86
		{51E2F4AC-21EE-49AB-BC1E-F6E4DF233323}.Release|x86.Build.0 = Release|x86
		{8EA0E227-0128-4408-9353-3B5E8EBB51E9}.Debug|Any CPU.ActiveCfg = Debug|Any CPU
		{8EA0E227-0128-4408-9353-3B5E8EBB51E9}.Debug|Any CPU.Build.0 = Debug|Any CPU
		{8EA0E227-0128-4408-9353-3B5E8EBB51E9}.Debug|Mixed Platforms.ActiveCfg = Debug|Any CPU
		{8EA0E227-0128-4408-9353-3B5E8EBB51E9}.Debug|Mixed Platforms.Build.0 = Debug|Any CPU
		{8EA0E227-0128-4408-9353-3B5E8EBB51E9}.Debug|Win32.ActiveCfg = Debug|Any CPU
		{8EA0E227-0128-4408-9353-3B5E8EBB51E9}.Debug|x86.ActiveCfg = Debug|Any CPU
		{8EA0E227-0128-4408-9353-3B5E8EBB51E9}.Release|Any CPU.ActiveCfg = Release|Any CPU
		{8EA0E227-0128-4408-9353-3B5E8EBB51E9}.Release|Any CPU.Build.0 = Release|Any CPU
		{8EA0E227-0128-4408-9353-3B5E8EBB51E9}.Release|Mixed Platforms.ActiveCfg = Release|Any CPU
		{8EA0E227-0128-4408-9353-3B5E8EBB51E9}.Release|Mixed Platforms.Build.0 = Release|Any CPU
		{8EA0E227-0128-4408-9353-3B5E8EBB51E9}.Release|Win32.ActiveCfg = Release|Any CPU
		{8EA0E227-0128-4408-9353-3B5E8EBB51E9}.Release|x86.ActiveCfg = Release|Any CPU
		{D9FBD87E-F976-427F-8B18-B9C68BE8F8C1}.Debug|Any CPU.ActiveCfg = Debug|Any CPU
		{D9FBD87E-F976-427F-8B18-B9C68BE8F8C1}.Debug|Any CPU.Build.0 = Debug|Any CPU
		{D9FBD87E-F976-427F-8B18-B9C68BE8F8C1}.Debug|Mixed Platforms.ActiveCfg = Debug|Any CPU
		{D9FBD87E-F976-427F-8B18-B9C68BE8F8C1}.Debug|Mixed Platforms.Build.0 = Debug|Any CPU
		{D9FBD87E-F976-427F-8B18-B9C68BE8F8C1}.Debug|Win32.ActiveCfg = Debug|Any CPU
		{D9FBD87E-F976-427F-8B18-B9C68BE8F8C1}.Debug|x86.ActiveCfg = Debug|Any CPU
		{D9FBD87E-F976-427F-8B18-B9C68BE8F8C1}.Release|Any CPU.ActiveCfg = Release|Any CPU
		{D9FBD87E-F976-427F-8B18-B9C68BE8F8C1}.Release|Any CPU.Build.0 = Release|Any CPU
		{D9FBD87E-F976-427F-8B18-B9C68BE8F8C1}.Release|Mixed Platforms.ActiveCfg = Release|Any CPU
		{D9FBD87E-F976-427F-8B18-B9C68BE8F8C1}.Release|Mixed Platforms.Build.0 = Release|Any CPU
		{D9FBD87E-F976-427F-8B18-B9C68BE8F8C1}.Release|Win32.ActiveCfg = Release|Any CPU
		{D9FBD87E-F976-427F-8B18-B9C68BE8F8C1}.Release|x86.ActiveCfg = Release|Any CPU
		{298007F9-F551-4E05-B07F-CAF69623487E}.Debug|Any CPU.ActiveCfg = Debug|x86
		{298007F9-F551-4E05-B07F-CAF69623487E}.Debug|Mixed Platforms.ActiveCfg = Debug|x86
		{298007F9-F551-4E05-B07F-CAF69623487E}.Debug|Mixed Platforms.Build.0 = Debug|x86
		{298007F9-F551-4E05-B07F-CAF69623487E}.Debug|Win32.ActiveCfg = Debug|x86
		{298007F9-F551-4E05-B07F-CAF69623487E}.Debug|x86.ActiveCfg = Debug|x86
		{298007F9-F551-4E05-B07F-CAF69623487E}.Debug|x86.Build.0 = Debug|x86
		{298007F9-F551-4E05-B07F-CAF69623487E}.Release|Any CPU.ActiveCfg = Release|x86
		{298007F9-F551-4E05-B07F-CAF69623487E}.Release|Mixed Platforms.ActiveCfg = Release|x86
		{298007F9-F551-4E05-B07F-CAF69623487E}.Release|Mixed Platforms.Build.0 = Release|x86
		{298007F9-F551-4E05-B07F-CAF69623487E}.Release|Win32.ActiveCfg = Release|x86
		{298007F9-F551-4E05-B07F-CAF69623487E}.Release|x86.ActiveCfg = Release|x86
		{298007F9-F551-4E05-B07F-CAF69623487E}.Release|x86.Build.0 = Release|x86
		{3064AC9D-0C0C-4C92-83F8-2AA52A03FD0D}.Debug|Any CPU.ActiveCfg = Debug|x86
		{3064AC9D-0C0C-4C92-83F8-2AA52A03FD0D}.Debug|Mixed Platforms.ActiveCfg = Debug|x86
		{3064AC9D-0C0C-4C92-83F8-2AA52A03FD0D}.Debug|Mixed Platforms.Build.0 = Debug|x86
		{3064AC9D-0C0C-4C92-83F8-2AA52A03FD0D}.Debug|Win32.ActiveCfg = Debug|x86
		{3064AC9D-0C0C-4C92-83F8-2AA52A03FD0D}.Debug|x86.ActiveCfg = Debug|x86
		{3064AC9D-0C0C-4C92-83F8-2AA52A03FD0D}.Debug|x86.Build.0 = Debug|x86
		{3064AC9D-0C0C-4C92-83F8-2AA52A03FD0D}.Release|Any CPU.ActiveCfg = Release|x86
		{3064AC9D-0C0C-4C92-83F8-2AA52A03FD0D}.Release|Mixed Platforms.ActiveCfg = Release|x86
		{3064AC9D-0C0C-4C92-83F8-2AA52A03FD0D}.Release|Mixed Platforms.Build.0 = Release|x86
		{3064AC9D-0C0C-4C92-83F8-2AA52A03FD0D}.Release|Win32.ActiveCfg = Release|x86
		{3064AC9D-0C0C-4C92-83F8-2AA52A03FD0D}.Release|x86.ActiveCfg = Release|x86
		{3064AC9D-0C0C-4C92-83F8-2AA52A03FD0D}.Release|x86.Build.0 = Release|x86
		{A9B0EA43-407F-4F07-B07A-F15D6749A03C}.Debug|Any CPU.ActiveCfg = Debug|Any CPU
		{A9B0EA43-407F-4F07-B07A-F15D6749A03C}.Debug|Any CPU.Build.0 = Debug|Any CPU
		{A9B0EA43-407F-4F07-B07A-F15D6749A03C}.Debug|Mixed Platforms.ActiveCfg = Debug|Any CPU
		{A9B0EA43-407F-4F07-B07A-F15D6749A03C}.Debug|Mixed Platforms.Build.0 = Debug|Any CPU
		{A9B0EA43-407F-4F07-B07A-F15D6749A03C}.Debug|Win32.ActiveCfg = Debug|Any CPU
		{A9B0EA43-407F-4F07-B07A-F15D6749A03C}.Debug|x86.ActiveCfg = Debug|Any CPU
		{A9B0EA43-407F-4F07-B07A-F15D6749A03C}.Release|Any CPU.ActiveCfg = Release|Any CPU
		{A9B0EA43-407F-4F07-B07A-F15D6749A03C}.Release|Any CPU.Build.0 = Release|Any CPU
		{A9B0EA43-407F-4F07-B07A-F15D6749A03C}.Release|Mixed Platforms.ActiveCfg = Release|Any CPU
		{A9B0EA43-407F-4F07-B07A-F15D6749A03C}.Release|Mixed Platforms.Build.0 = Release|Any CPU
		{A9B0EA43-407F-4F07-B07A-F15D6749A03C}.Release|Win32.ActiveCfg = Release|Any CPU
		{A9B0EA43-407F-4F07-B07A-F15D6749A03C}.Release|x86.ActiveCfg = Release|Any CPU
		{06CE10D7-B5D8-411F-91B9-B110DAC8D20B}.Debug|Any CPU.ActiveCfg = Debug|Any CPU
		{06CE10D7-B5D8-411F-91B9-B110DAC8D20B}.Debug|Any CPU.Build.0 = Debug|Any CPU
		{06CE10D7-B5D8-411F-91B9-B110DAC8D20B}.Debug|Mixed Platforms.ActiveCfg = Debug|Any CPU
		{06CE10D7-B5D8-411F-91B9-B110DAC8D20B}.Debug|Mixed Platforms.Build.0 = Debug|Any CPU
		{06CE10D7-B5D8-411F-91B9-B110DAC8D20B}.Debug|Win32.ActiveCfg = Debug|Any CPU
		{06CE10D7-B5D8-411F-91B9-B110DAC8D20B}.Debug|x86.ActiveCfg = Debug|Any CPU
		{06CE10D7-B5D8-411F-91B9-B110DAC8D20B}.Release|Any CPU.ActiveCfg = Release|Any CPU
		{06CE10D7-B5D8-411F-91B9-B110DAC8D20B}.Release|Any CPU.Build.0 = Release|Any CPU
		{06CE10D7-B5D8-411F-91B9-B110DAC8D20B}.Release|Mixed Platforms.ActiveCfg = Release|Any CPU
		{06CE10D7-B5D8-411F-91B9-B110DAC8D20B}.Release|Mixed Platforms.Build.0 = Release|Any CPU
		{06CE10D7-B5D8-411F-91B9-B110DAC8D20B}.Release|Win32.ActiveCfg = Release|Any CPU
		{06CE10D7-B5D8-411F-91B9-B110DAC8D20B}.Release|x86.ActiveCfg = Release|Any CPU
		{7612F91D-45AC-489B-BDB7-F8D953E61E99}.Debug|Any CPU.ActiveCfg = Debug|Any CPU
		{7612F91D-45AC-489B-BDB7-F8D953E61E99}.Debug|Any CPU.Build.0 = Debug|Any CPU
		{7612F91D-45AC-489B-BDB7-F8D953E61E99}.Debug|Mixed Platforms.ActiveCfg = Debug|Any CPU
		{7612F91D-45AC-489B-BDB7-F8D953E61E99}.Debug|Mixed Platforms.Build.0 = Debug|Any CPU
		{7612F91D-45AC-489B-BDB7-F8D953E61E99}.Debug|Win32.ActiveCfg = Debug|Any CPU
		{7612F91D-45AC-489B-BDB7-F8D953E61E99}.Debug|x86.ActiveCfg = Debug|Any CPU
		{7612F91D-45AC-489B-BDB7-F8D953E61E99}.Release|Any CPU.ActiveCfg = Release|Any CPU
		{7612F91D-45AC-489B-BDB7-F8D953E61E99}.Release|Any CPU.Build.0 = Release|Any CPU
		{7612F91D-45AC-489B-BDB7-F8D953E61E99}.Release|Mixed Platforms.ActiveCfg = Release|Any CPU
		{7612F91D-45AC-489B-BDB7-F8D953E61E99}.Release|Mixed Platforms.Build.0 = Release|Any CPU
		{7612F91D-45AC-489B-BDB7-F8D953E61E99}.Release|Win32.ActiveCfg = Release|Any CPU
		{7612F91D-45AC-489B-BDB7-F8D953E61E99}.Release|x86.ActiveCfg = Release|Any CPU
		{584E6F20-AE6B-4332-BA26-007BD1A87C1F}.Debug|Any CPU.ActiveCfg = Debug|Any CPU
		{584E6F20-AE6B-4332-BA26-007BD1A87C1F}.Debug|Any CPU.Build.0 = Debug|Any CPU
		{584E6F20-AE6B-4332-BA26-007BD1A87C1F}.Debug|Mixed Platforms.ActiveCfg = Debug|Any CPU
		{584E6F20-AE6B-4332-BA26-007BD1A87C1F}.Debug|Mixed Platforms.Build.0 = Debug|Any CPU
		{584E6F20-AE6B-4332-BA26-007BD1A87C1F}.Debug|Win32.ActiveCfg = Debug|Any CPU
		{584E6F20-AE6B-4332-BA26-007BD1A87C1F}.Debug|x86.ActiveCfg = Debug|Any CPU
		{584E6F20-AE6B-4332-BA26-007BD1A87C1F}.Release|Any CPU.ActiveCfg = Release|Any CPU
		{584E6F20-AE6B-4332-BA26-007BD1A87C1F}.Release|Any CPU.Build.0 = Release|Any CPU
		{584E6F20-AE6B-4332-BA26-007BD1A87C1F}.Release|Mixed Platforms.ActiveCfg = Release|Any CPU
		{584E6F20-AE6B-4332-BA26-007BD1A87C1F}.Release|Mixed Platforms.Build.0 = Release|Any CPU
		{584E6F20-AE6B-4332-BA26-007BD1A87C1F}.Release|Win32.ActiveCfg = Release|Any CPU
		{584E6F20-AE6B-4332-BA26-007BD1A87C1F}.Release|x86.ActiveCfg = Release|Any CPU
		{E5C1F81B-B451-41E3-9E4A-1D6C364CDF34}.Debug|Any CPU.ActiveCfg = Debug|x86
		{E5C1F81B-B451-41E3-9E4A-1D6C364CDF34}.Debug|Mixed Platforms.ActiveCfg = Debug|x86
		{E5C1F81B-B451-41E3-9E4A-1D6C364CDF34}.Debug|Mixed Platforms.Build.0 = Debug|x86
		{E5C1F81B-B451-41E3-9E4A-1D6C364CDF34}.Debug|Win32.ActiveCfg = Debug|x86
		{E5C1F81B-B451-41E3-9E4A-1D6C364CDF34}.Debug|x86.ActiveCfg = Debug|x86
		{E5C1F81B-B451-41E3-9E4A-1D6C364CDF34}.Debug|x86.Build.0 = Debug|x86
		{E5C1F81B-B451-41E3-9E4A-1D6C364CDF34}.Release|Any CPU.ActiveCfg = Release|x86
		{E5C1F81B-B451-41E3-9E4A-1D6C364CDF34}.Release|Mixed Platforms.ActiveCfg = Release|x86
		{E5C1F81B-B451-41E3-9E4A-1D6C364CDF34}.Release|Mixed Platforms.Build.0 = Release|x86
		{E5C1F81B-B451-41E3-9E4A-1D6C364CDF34}.Release|Win32.ActiveCfg = Release|x86
		{E5C1F81B-B451-41E3-9E4A-1D6C364CDF34}.Release|x86.ActiveCfg = Release|x86
		{E5C1F81B-B451-41E3-9E4A-1D6C364CDF34}.Release|x86.Build.0 = Release|x86
	EndGlobalSection
	GlobalSection(SolutionProperties) = preSolution
		HideSolutionNode = FALSE
	EndGlobalSection
	GlobalSection(NestedProjects) = preSolution
		{51E2F4AC-21EE-49AB-BC1E-F6E4DF233323} = {C17B6DAA-9A60-4983-974A-E98C9F059D9E}
		{298007F9-F551-4E05-B07F-CAF69623487E} = {C17B6DAA-9A60-4983-974A-E98C9F059D9E}
		{A9B0EA43-407F-4F07-B07A-F15D6749A03C} = {6A47379A-40BB-49A6-93A2-34C484F6BA58}
		{06CE10D7-B5D8-411F-91B9-B110DAC8D20B} = {6A47379A-40BB-49A6-93A2-34C484F6BA58}
		{7612F91D-45AC-489B-BDB7-F8D953E61E99} = {6A47379A-40BB-49A6-93A2-34C484F6BA58}
		{584E6F20-AE6B-4332-BA26-007BD1A87C1F} = {6A47379A-40BB-49A6-93A2-34C484F6BA58}
		{D9FBD87E-F976-427F-8B18-B9C68BE8F8C1} = {B035F7ED-E7B3-4FFE-BBA7-B060CFBC285E}
		{E5C1F81B-B451-41E3-9E4A-1D6C364CDF34} = {B035F7ED-E7B3-4FFE-BBA7-B060CFBC285E}
		{3064AC9D-0C0C-4C92-83F8-2AA52A03FD0D} = {987808B7-8595-4494-990A-B7E7955B613E}
		{8EA0E227-0128-4408-9353-3B5E8EBB51E9} = {D1858315-1421-4FAD-9727-84A524E49C72}
	EndGlobalSection
EndGlobal
